// !$*UTF8*$!
{
	archiveVersion = 1;
	classes = {
	};
	objectVersion = 50;
	objects = {

/* Begin PBXBuildFile section */
		72FFA8D72460C91D00789241 /* AppDelegate.swift in Sources */ = {isa = PBXBuildFile; fileRef = 72FFA8D62460C91D00789241 /* AppDelegate.swift */; };
		72FFA8D92460C91D00789241 /* SceneDelegate.swift in Sources */ = {isa = PBXBuildFile; fileRef = 72FFA8D82460C91D00789241 /* SceneDelegate.swift */; };
		72FFA8DB2460C91D00789241 /* ViewController.swift in Sources */ = {isa = PBXBuildFile; fileRef = 72FFA8DA2460C91D00789241 /* ViewController.swift */; };
		72FFA8DE2460C91D00789241 /* Main.storyboard in Resources */ = {isa = PBXBuildFile; fileRef = 72FFA8DC2460C91D00789241 /* Main.storyboard */; };
		72FFA8E12460C91D00789241 /* ToDoListApp.xcdatamodeld in Sources */ = {isa = PBXBuildFile; fileRef = 72FFA8DF2460C91D00789241 /* ToDoListApp.xcdatamodeld */; };
		72FFA8E32460C92500789241 /* Assets.xcassets in Resources */ = {isa = PBXBuildFile; fileRef = 72FFA8E22460C92500789241 /* Assets.xcassets */; };
		72FFA8E62460C92500789241 /* LaunchScreen.storyboard in Resources */ = {isa = PBXBuildFile; fileRef = 72FFA8E42460C92500789241 /* LaunchScreen.storyboard */; };
		72FFA8EE2460CC3C00789241 /* ToDoTableViewController.swift in Sources */ = {isa = PBXBuildFile; fileRef = 72FFA8ED2460CC3C00789241 /* ToDoTableViewController.swift */; };
		72FFA8F02460CCEC00789241 /* ToDo.swift in Sources */ = {isa = PBXBuildFile; fileRef = 72FFA8EF2460CCEC00789241 /* ToDo.swift */; };
		72FFA8F22460E31000789241 /* AddToDoViewController.swift in Sources */ = {isa = PBXBuildFile; fileRef = 72FFA8F12460E31000789241 /* AddToDoViewController.swift */; };
		72FFA8F42461A0C800789241 /* CompleteToDoViewController.swift in Sources */ = {isa = PBXBuildFile; fileRef = 72FFA8F32461A0C800789241 /* CompleteToDoViewController.swift */; };
/* End PBXBuildFile section */

/* Begin PBXFileReference section */
		72FFA8D32460C91C00789241 /* ToDoListApp.app */ = {isa = PBXFileReference; explicitFileType = wrapper.application; includeInIndex = 0; path = ToDoListApp.app; sourceTree = BUILT_PRODUCTS_DIR; };
		72FFA8D62460C91D00789241 /* AppDelegate.swift */ = {isa = PBXFileReference; lastKnownFileType = sourcecode.swift; path = AppDelegate.swift; sourceTree = "<group>"; };
		72FFA8D82460C91D00789241 /* SceneDelegate.swift */ = {isa = PBXFileReference; lastKnownFileType = sourcecode.swift; path = SceneDelegate.swift; sourceTree = "<group>"; };
		72FFA8DA2460C91D00789241 /* ViewController.swift */ = {isa = PBXFileReference; lastKnownFileType = sourcecode.swift; path = ViewController.swift; sourceTree = "<group>"; };
		72FFA8DD2460C91D00789241 /* Base */ = {isa = PBXFileReference; lastKnownFileType = file.storyboard; name = Base; path = Base.lproj/Main.storyboard; sourceTree = "<group>"; };
		72FFA8E02460C91D00789241 /* ToDoListApp.xcdatamodel */ = {isa = PBXFileReference; lastKnownFileType = wrapper.xcdatamodel; path = ToDoListApp.xcdatamodel; sourceTree = "<group>"; };
		72FFA8E22460C92500789241 /* Assets.xcassets */ = {isa = PBXFileReference; lastKnownFileType = folder.assetcatalog; path = Assets.xcassets; sourceTree = "<group>"; };
		72FFA8E52460C92500789241 /* Base */ = {isa = PBXFileReference; lastKnownFileType = file.storyboard; name = Base; path = Base.lproj/LaunchScreen.storyboard; sourceTree = "<group>"; };
		72FFA8E72460C92500789241 /* Info.plist */ = {isa = PBXFileReference; lastKnownFileType = text.plist.xml; path = Info.plist; sourceTree = "<group>"; };
		72FFA8ED2460CC3C00789241 /* ToDoTableViewController.swift */ = {isa = PBXFileReference; lastKnownFileType = sourcecode.swift; path = ToDoTableViewController.swift; sourceTree = "<group>"; };
		72FFA8EF2460CCEC00789241 /* ToDo.swift */ = {isa = PBXFileReference; lastKnownFileType = sourcecode.swift; path = ToDo.swift; sourceTree = "<group>"; };
		72FFA8F12460E31000789241 /* AddToDoViewController.swift */ = {isa = PBXFileReference; lastKnownFileType = sourcecode.swift; path = AddToDoViewController.swift; sourceTree = "<group>"; };
		72FFA8F32461A0C800789241 /* CompleteToDoViewController.swift */ = {isa = PBXFileReference; lastKnownFileType = sourcecode.swift; path = CompleteToDoViewController.swift; sourceTree = "<group>"; };
/* End PBXFileReference section */

/* Begin PBXFrameworksBuildPhase section */
		72FFA8D02460C91C00789241 /* Frameworks */ = {
			isa = PBXFrameworksBuildPhase;
			buildActionMask = 2147483647;
			files = (
			);
			runOnlyForDeploymentPostprocessing = 0;
		};
/* End PBXFrameworksBuildPhase section */

/* Begin PBXGroup section */
		72FFA8CA2460C91C00789241 = {
			isa = PBXGroup;
			children = (
				72FFA8D52460C91C00789241 /* ToDoListApp */,
				72FFA8D42460C91C00789241 /* Products */,
			);
			sourceTree = "<group>";
		};
		72FFA8D42460C91C00789241 /* Products */ = {
			isa = PBXGroup;
			children = (
				72FFA8D32460C91C00789241 /* ToDoListApp.app */,
			);
			name = Products;
			sourceTree = "<group>";
		};
		72FFA8D52460C91C00789241 /* ToDoListApp */ = {
			isa = PBXGroup;
			children = (
				72FFA8D62460C91D00789241 /* AppDelegate.swift */,
				72FFA8D82460C91D00789241 /* SceneDelegate.swift */,
				72FFA8DA2460C91D00789241 /* ViewController.swift */,
				72FFA8DC2460C91D00789241 /* Main.storyboard */,
				72FFA8E22460C92500789241 /* Assets.xcassets */,
				72FFA8E42460C92500789241 /* LaunchScreen.storyboard */,
				72FFA8E72460C92500789241 /* Info.plist */,
				72FFA8DF2460C91D00789241 /* ToDoListApp.xcdatamodeld */,
				72FFA8ED2460CC3C00789241 /* ToDoTableViewController.swift */,
				72FFA8EF2460CCEC00789241 /* ToDo.swift */,
				72FFA8F12460E31000789241 /* AddToDoViewController.swift */,
				72FFA8F32461A0C800789241 /* CompleteToDoViewController.swift */,
			);
			path = ToDoListApp;
			sourceTree = "<group>";
		};
/* End PBXGroup section */

/* Begin PBXNativeTarget section */
		72FFA8D22460C91C00789241 /* ToDoListApp */ = {
			isa = PBXNativeTarget;
			buildConfigurationList = 72FFA8EA2460C92500789241 /* Build configuration list for PBXNativeTarget "ToDoListApp" */;
			buildPhases = (
				72FFA8CF2460C91C00789241 /* Sources */,
				72FFA8D02460C91C00789241 /* Frameworks */,
				72FFA8D12460C91C00789241 /* Resources */,
			);
			buildRules = (
			);
			dependencies = (
			);
			name = ToDoListApp;
			productName = ToDoListApp;
			productReference = 72FFA8D32460C91C00789241 /* ToDoListApp.app */;
			productType = "com.apple.product-type.application";
		};
/* End PBXNativeTarget section */

/* Begin PBXProject section */
		72FFA8CB2460C91C00789241 /* Project object */ = {
			isa = PBXProject;
			attributes = {
				LastSwiftUpdateCheck = 1140;
				LastUpgradeCheck = 1140;
				ORGANIZATIONNAME = "Alyssa Altimas";
				TargetAttributes = {
					72FFA8D22460C91C00789241 = {
						CreatedOnToolsVersion = 11.4;
					};
				};
			};
			buildConfigurationList = 72FFA8CE2460C91C00789241 /* Build configuration list for PBXProject "ToDoListApp" */;
			compatibilityVersion = "Xcode 9.3";
			developmentRegion = en;
			hasScannedForEncodings = 0;
			knownRegions = (
				en,
				Base,
			);
			mainGroup = 72FFA8CA2460C91C00789241;
			productRefGroup = 72FFA8D42460C91C00789241 /* Products */;
			projectDirPath = "";
			projectRoot = "";
			targets = (
				72FFA8D22460C91C00789241 /* ToDoListApp */,
			);
		};
/* End PBXProject section */

/* Begin PBXResourcesBuildPhase section */
		72FFA8D12460C91C00789241 /* Resources */ = {
			isa = PBXResourcesBuildPhase;
			buildActionMask = 2147483647;
			files = (
				72FFA8E62460C92500789241 /* LaunchScreen.storyboard in Resources */,
				72FFA8E32460C92500789241 /* Assets.xcassets in Resources */,
				72FFA8DE2460C91D00789241 /* Main.storyboard in Resources */,
			);
			runOnlyForDeploymentPostprocessing = 0;
		};
/* End PBXResourcesBuildPhase section */

/* Begin PBXSourcesBuildPhase section */
		72FFA8CF2460C91C00789241 /* Sources */ = {
			isa = PBXSourcesBuildPhase;
			buildActionMask = 2147483647;
			files = (
				72FFA8DB2460C91D00789241 /* ViewController.swift in Sources */,
				72FFA8D72460C91D00789241 /* AppDelegate.swift in Sources */,
				72FFA8F42461A0C800789241 /* CompleteToDoViewController.swift in Sources */,
				72FFA8D92460C91D00789241 /* SceneDelegate.swift in Sources */,
				72FFA8F02460CCEC00789241 /* ToDo.swift in Sources */,
				72FFA8F22460E31000789241 /* AddToDoViewController.swift in Sources */,
				72FFA8E12460C91D00789241 /* ToDoListApp.xcdatamodeld in Sources */,
				72FFA8EE2460CC3C00789241 /* ToDoTableViewController.swift in Sources */,
			);
			runOnlyForDeploymentPostprocessing = 0;
		};
/* End PBXSourcesBuildPhase section */

/* Begin PBXVariantGroup section */
		72FFA8DC2460C91D00789241 /* Main.storyboard */ = {
			isa = PBXVariantGroup;
			children = (
				72FFA8DD2460C91D00789241 /* Base */,
			);
			name = Main.storyboard;
			sourceTree = "<group>";
		};
		72FFA8E42460C92500789241 /* LaunchScreen.storyboard */ = {
			isa = PBXVariantGroup;
			children = (
				72FFA8E52460C92500789241 /* Base */,
			);
			name = LaunchScreen.storyboard;
			sourceTree = "<group>";
		};
/* End PBXVariantGroup section */

/* Begin XCBuildConfiguration section */
		72FFA8E82460C92500789241 /* Debug */ = {
			isa = XCBuildConfiguration;
			buildSettings = {
				ALWAYS_SEARCH_USER_PATHS = NO;
				CLANG_ANALYZER_NONNULL = YES;
				CLANG_ANALYZER_NUMBER_OBJECT_CONVERSION = YES_AGGRESSIVE;
				CLANG_CXX_LANGUAGE_STANDARD = "gnu++14";
				CLANG_CXX_LIBRARY = "libc++";
				CLANG_ENABLE_MODULES = YES;
				CLANG_ENABLE_OBJC_ARC = YES;
				CLANG_ENABLE_OBJC_WEAK = YES;
				CLANG_WARN_BLOCK_CAPTURE_AUTORELEASING = YES;
				CLANG_WARN_BOOL_CONVERSION = YES;
				CLANG_WARN_COMMA = YES;
				CLANG_WARN_CONSTANT_CONVERSION = YES;
				CLANG_WARN_DEPRECATED_OBJC_IMPLEMENTATIONS = YES;
				CLANG_WARN_DIRECT_OBJC_ISA_USAGE = YES_ERROR;
				CLANG_WARN_DOCUMENTATION_COMMENTS = YES;
				CLANG_WARN_EMPTY_BODY = YES;
				CLANG_WARN_ENUM_CONVERSION = YES;
				CLANG_WARN_INFINITE_RECURSION = YES;
				CLANG_WARN_INT_CONVERSION = YES;
				CLANG_WARN_NON_LITERAL_NULL_CONVERSION = YES;
				CLANG_WARN_OBJC_IMPLICIT_RETAIN_SELF = YES;
				CLANG_WARN_OBJC_LITERAL_CONVERSION = YES;
				CLANG_WARN_OBJC_ROOT_CLASS = YES_ERROR;
				CLANG_WARN_RANGE_LOOP_ANALYSIS = YES;
				CLANG_WARN_STRICT_PROTOTYPES = YES;
				CLANG_WARN_SUSPICIOUS_MOVE = YES;
				CLANG_WARN_UNGUARDED_AVAILABILITY = YES_AGGRESSIVE;
				CLANG_WARN_UNREACHABLE_CODE = YES;
				CLANG_WARN__DUPLICATE_METHOD_MATCH = YES;
				COPY_PHASE_STRIP = NO;
				DEBUG_INFORMATION_FORMAT = dwarf;
				ENABLE_STRICT_OBJC_MSGSEND = YES;
				ENABLE_TESTABILITY = YES;
				GCC_C_LANGUAGE_STANDARD = gnu11;
				GCC_DYNAMIC_NO_PIC = NO;
				GCC_NO_COMMON_BLOCKS = YES;
				GCC_OPTIMIZATION_LEVEL = 0;
				GCC_PREPROCESSOR_DEFINITIONS = (
					"DEBUG=1",
					"$(inherited)",
				);
				GCC_WARN_64_TO_32_BIT_CONVERSION = YES;
				GCC_WARN_ABOUT_RETURN_TYPE = YES_ERROR;
				GCC_WARN_UNDECLARED_SELECTOR = YES;
				GCC_WARN_UNINITIALIZED_AUTOS = YES_AGGRESSIVE;
				GCC_WARN_UNUSED_FUNCTION = YES;
				GCC_WARN_UNUSED_VARIABLE = YES;
				IPHONEOS_DEPLOYMENT_TARGET = 13.4;
				MTL_ENABLE_DEBUG_INFO = INCLUDE_SOURCE;
				MTL_FAST_MATH = YES;
				ONLY_ACTIVE_ARCH = YES;
				SDKROOT = iphoneos;
				SWIFT_ACTIVE_COMPILATION_CONDITIONS = DEBUG;
				SWIFT_OPTIMIZATION_LEVEL = "-Onone";
			};
			name = Debug;
		};
		72FFA8E92460C92500789241 /* Release */ = {
			isa = XCBuildConfiguration;
			buildSettings = {
				ALWAYS_SEARCH_USER_PATHS = NO;
				CLANG_ANALYZER_NONNULL = YES;
				CLANG_ANALYZER_NUMBER_OBJECT_CONVERSION = YES_AGGRESSIVE;
				CLANG_CXX_LANGUAGE_STANDARD = "gnu++14";
				CLANG_CXX_LIBRARY = "libc++";
				CLANG_ENABLE_MODULES = YES;
				CLANG_ENABLE_OBJC_ARC = YES;
				CLANG_ENABLE_OBJC_WEAK = YES;
				CLANG_WARN_BLOCK_CAPTURE_AUTORELEASING = YES;
				CLANG_WARN_BOOL_CONVERSION = YES;
				CLANG_WARN_COMMA = YES;
				CLANG_WARN_CONSTANT_CONVERSION = YES;
				CLANG_WARN_DEPRECATED_OBJC_IMPLEMENTATIONS = YES;
				CLANG_WARN_DIRECT_OBJC_ISA_USAGE = YES_ERROR;
				CLANG_WARN_DOCUMENTATION_COMMENTS = YES;
				CLANG_WARN_EMPTY_BODY = YES;
				CLANG_WARN_ENUM_CONVERSION = YES;
				CLANG_WARN_INFINITE_RECURSION = YES;
				CLANG_WARN_INT_CONVERSION = YES;
				CLANG_WARN_NON_LITERAL_NULL_CONVERSION = YES;
				CLANG_WARN_OBJC_IMPLICIT_RETAIN_SELF = YES;
				CLANG_WARN_OBJC_LITERAL_CONVERSION = YES;
				CLANG_WARN_OBJC_ROOT_CLASS = YES_ERROR;
				CLANG_WARN_RANGE_LOOP_ANALYSIS = YES;
				CLANG_WARN_STRICT_PROTOTYPES = YES;
				CLANG_WARN_SUSPICIOUS_MOVE = YES;
				CLANG_WARN_UNGUARDED_AVAILABILITY = YES_AGGRESSIVE;
				CLANG_WARN_UNREACHABLE_CODE = YES;
				CLANG_WARN__DUPLICATE_METHOD_MATCH = YES;
				COPY_PHASE_STRIP = NO;
				DEBUG_INFORMATION_FORMAT = "dwarf-with-dsym";
				ENABLE_NS_ASSERTIONS = NO;
				ENABLE_STRICT_OBJC_MSGSEND = YES;
				GCC_C_LANGUAGE_STANDARD = gnu11;
				GCC_NO_COMMON_BLOCKS = YES;
				GCC_WARN_64_TO_32_BIT_CONVERSION = YES;
				GCC_WARN_ABOUT_RETURN_TYPE = YES_ERROR;
				GCC_WARN_UNDECLARED_SELECTOR = YES;
				GCC_WARN_UNINITIALIZED_AUTOS = YES_AGGRESSIVE;
				GCC_WARN_UNUSED_FUNCTION = YES;
				GCC_WARN_UNUSED_VARIABLE = YES;
				IPHONEOS_DEPLOYMENT_TARGET = 13.4;
				MTL_ENABLE_DEBUG_INFO = NO;
				MTL_FAST_MATH = YES;
				SDKROOT = iphoneos;
				SWIFT_COMPILATION_MODE = wholemodule;
				SWIFT_OPTIMIZATION_LEVEL = "-O";
				VALIDATE_PRODUCT = YES;
			};
			name = Release;
		};
		72FFA8EB2460C92500789241 /* Debug */ = {
			isa = XCBuildConfiguration;
			buildSettings = {
				ASSETCATALOG_COMPILER_APPICON_NAME = AppIcon;
				CODE_SIGN_STYLE = Automatic;
				INFOPLIST_FILE = ToDoListApp/Info.plist;
				LD_RUNPATH_SEARCH_PATHS = (
					"$(inherited)",
					"@executable_path/Frameworks",
				);
				PRODUCT_BUNDLE_IDENTIFIER = KWK.ToDoListApp;
				PRODUCT_NAME = "$(TARGET_NAME)";
				SWIFT_VERSION = 5.0;
				TARGETED_DEVICE_FAMILY = "1,2";
			};
			name = Debug;
		};
		72FFA8EC2460C92500789241 /* Release */ = {
			isa = XCBuildConfiguration;
			buildSettings = {
				ASSETCATALOG_COMPILER_APPICON_NAME = AppIcon;
				CODE_SIGN_STYLE = Automatic;
				INFOPLIST_FILE = ToDoListApp/Info.plist;
				LD_RUNPATH_SEARCH_PATHS = (
					"$(inherited)",
					"@executable_path/Frameworks",
				);
				PRODUCT_BUNDLE_IDENTIFIER = KWK.ToDoListApp;
				PRODUCT_NAME = "$(TARGET_NAME)";
				SWIFT_VERSION = 5.0;
				TARGETED_DEVICE_FAMILY = "1,2";
			};
			name = Release;
		};
/* End XCBuildConfiguration section */

/* Begin XCConfigurationList section */
		72FFA8CE2460C91C00789241 /* Build configuration list for PBXProject "ToDoListApp" */ = {
			isa = XCConfigurationList;
			buildConfigurations = (
				72FFA8E82460C92500789241 /* Debug */,
				72FFA8E92460C92500789241 /* Release */,
			);
			defaultConfigurationIsVisible = 0;
			defaultConfigurationName = Release;
		};
		72FFA8EA2460C92500789241 /* Build configuration list for PBXNativeTarget "ToDoListApp" */ = {
			isa = XCConfigurationList;
			buildConfigurations = (
				72FFA8EB2460C92500789241 /* Debug */,
				72FFA8EC2460C92500789241 /* Release */,
			);
			defaultConfigurationIsVisible = 0;
			defaultConfigurationName = Release;
		};
/* End XCConfigurationList section */

/* Begin XCVersionGroup section */
		72FFA8DF2460C91D00789241 /* ToDoListApp.xcdatamodeld */ = {
			isa = XCVersionGroup;
			children = (
				72FFA8E02460C91D00789241 /* ToDoListApp.xcdatamodel */,
			);
			currentVersion = 72FFA8E02460C91D00789241 /* ToDoListApp.xcdatamodel */;
			path = ToDoListApp.xcdatamodeld;
			sourceTree = "<group>";
			versionGroupType = wrapper.xcdatamodel;
		};
/* End XCVersionGroup section */
	};
	rootObject = 72FFA8CB2460C91C00789241 /* Project object */;
}
